github.com/raveger/NuxtTodoApp v0.0.0-20201207030049-01701d597f7c h1:wcQsh6zPLgiXbCU1nuYHy7i+ZoPeHmoyZCRkWC715qg=
github.com/raveger/NuxtTodoApp v0.0.0-20201207030049-01701d597f7c/go.mod h1:CX6p8cUYRSxWsTOGnMv774a2NwZOcokV0hDQBltpOqY=
github.com/raveger/VueTODO v0.0.0-20201125050137-70207e22b661 h1:UDiqKMe5Pc+6R5bd08EJ73LK6dgwx0t8LiimywyyFzs=
github.com/raveger/VueTODO v0.0.0-20201125050137-70207e22b661/go.mod h1:YgKV12aGxsJe+n8vy69I2YU7xJwX/nrn5uzMnPELTLs=
